
Microsoft Visual Studio Solution File, Format Version 12.00
# Visual Studio Version 16
VisualStudioVersion = 16.0.29728.190
MinimumVisualStudioVersion = 10.0.40219.1
Project("{9A19103F-16F7-4668-BE54-9A1E7A4F7556}") = "BEProjectEllen.Core", "BEProjectEllen.Models\BEProjectEllen.Core.csproj", "{D0D476A6-5959-48F7-A3A0-42D7A3E1B5FE}"
EndProject
Project("{FAE04EC0-301F-11D3-BF4B-00C04F79EFBC}") = "BEProjectEllen.Web", "BEProjectEllen.Web\BEProjectEllen.Web.csproj", "{256E4DEF-99A5-4085-B385-8F7BB314AD20}"
EndProject
Global
	GlobalSection(SolutionConfigurationPlatforms) = preSolution
		Debug|Any CPU = Debug|Any CPU
		Release|Any CPU = Release|Any CPU
	EndGlobalSection
	GlobalSection(ProjectConfigurationPlatforms) = postSolution
		{D0D476A6-5959-48F7-A3A0-42D7A3E1B5FE}.Debug|Any CPU.ActiveCfg = Debug|Any CPU
		{D0D476A6-5959-48F7-A3A0-42D7A3E1B5FE}.Debug|Any CPU.Build.0 = Debug|Any CPU
		{D0D476A6-5959-48F7-A3A0-42D7A3E1B5FE}.Release|Any CPU.ActiveCfg = Release|Any CPU
		{D0D476A6-5959-48F7-A3A0-42D7A3E1B5FE}.Release|Any CPU.Build.0 = Release|Any CPU
		{256E4DEF-99A5-4085-B385-8F7BB314AD20}.Debug|Any CPU.ActiveCfg = Debug|Any CPU
		{256E4DEF-99A5-4085-B385-8F7BB314AD20}.Debug|Any CPU.Build.0 = Debug|Any CPU
		{256E4DEF-99A5-4085-B385-8F7BB314AD20}.Release|Any CPU.ActiveCfg = Release|Any CPU
		{256E4DEF-99A5-4085-B385-8F7BB314AD20}.Release|Any CPU.Build.0 = Release|Any CPU
	EndGlobalSection
	GlobalSection(SolutionProperties) = preSolution
		HideSolutionNode = FALSE
	EndGlobalSection
	GlobalSection(ExtensibilityGlobals) = postSolution
		SolutionGuid = {277B2573-1A74-4124-B3DE-66CB93C4D810}
	EndGlobalSection
EndGlobal
